PODS:
  - ARCore/AugmentedFaces (1.39.0):
    - ARCore/Base (~> 1.39)
    - nanopb (< 2.30910.0, >= 2.30908.0)
  - ARCore/Base (1.39.0):
    - GoogleDataTransport (~> 9.2)
    - nanopb (< 2.30910.0, >= 2.30908.0)
  - GoogleDataTransport (9.2.5):
    - GoogleUtilities/Environment (~> 7.7)
    - nanopb (< 2.30910.0, >= 2.30908.0)
    - PromisesObjC (< 3.0, >= 1.2)
  - GoogleUtilities/Environment (7.11.5):
    - PromisesObjC (< 3.0, >= 1.2)
  - nanopb (2.30909.0):
    - nanopb/decode (= 2.30909.0)
    - nanopb/encode (= 2.30909.0)
  - nanopb/decode (2.30909.0)
  - nanopb/encode (2.30909.0)
  - opencv2 (0.0.1)
  - PromisesObjC (2.3.1)

DEPENDENCIES:
  - ARCore/AugmentedFaces (from `./ARCore.podspec.json`)
  - opencv2 (from `./opencv2.podspec`)

SPEC REPOS:
  trunk:
    - GoogleDataTransport
    - GoogleUtilities
    - nanopb
    - PromisesObjC

EXTERNAL SOURCES:
  ARCore:
    :podspec: "./ARCore.podspec.json"
  opencv2:
    :podspec: "./opencv2.podspec"

SPEC CHECKSUMS:
  ARCore: ea36416dfa11b0ffa6082d29dab126f803baa106
  GoogleDataTransport: 54dee9d48d14580407f8f5fbf2f496e92437a2f2
  GoogleUtilities: 13e2c67ede716b8741c7989e26893d151b2b2084
  nanopb: b552cce312b6c8484180ef47159bc0f65a1f0431
  opencv2: a633e5fdb89610ae49174b0a4c35aa4d1fc00d51
  PromisesObjC: c50d2056b5253dadbd6c2bea79b0674bd5a52fa4

PODFILE CHECKSUM: adee506580f41e9b5ecd37d34f093d576073fd31

COCOAPODS: 1.12.1
